# Run ./gradlew writeVersionsLocks to regenerate this file. Blank lines are to minimize merge conflicts.

com.fasterxml.jackson.core:jackson-annotations:2.21 (13 constraints: c6e3c65c)

com.fasterxml.jackson.core:jackson-core:2.21.4 (11 constraints: 8bf7ea4d)

com.fasterxml.jackson.core:jackson-databind:2.21.4 (16 constraints: b258f98f)

com.fasterxml.jackson.dataformat:jackson-dataformat-yaml:2.21.4 (1 constraints: 3b053a3b)

com.fasterxml.jackson.datatype:jackson-datatype-jdk8:2.21.4 (3 constraints: 5a3c0f58)

com.github.ben-manes.caffeine:caffeine:3.2.3 (2 constraints: 8a26868b)

com.google.errorprone:error_prone_annotations:2.49.0 (11 constraints: 61b8d70d)

com.google.guava:failureaccess:1.0.3 (2 constraints: f3154f13)

com.google.guava:guava:33.6.0-jre (17 constraints: af7cb569)

com.google.guava:listenablefuture:9999.0-empty-to-avoid-conflict-with-guava (1 constraints: bd17c918)

com.google.j2objc:j2objc-annotations:3.1 (1 constraints: b809f1a0)

com.palantir.gradle.gitversion:gradle-git-version:5.0.0 (1 constraints: 07050436)

com.palantir.gradle.utils:environment-variables:0.24.0 (6 constraints: 6e7b9d72)

com.palantir.gradle.utils:exec:0.23.0 (2 constraints: 262488b6)

com.palantir.gradle.utils:providers:0.23.0 (2 constraints: 6620e45c)

org.freemarker:freemarker:2.3.34 (2 constraints: 5f130f5a)

org.immutables:serial:2.12.2 (1 constraints: 3905373b)

org.immutables:value:2.12.2 (2 constraints: 0115edc1)

org.jboss:jboss-dmr:1.2.0.Final (1 constraints: 710a5ab9)

org.jspecify:jspecify:1.0.0 (12 constraints: 73be5c37)

org.revapi:revapi:0.11.1 (4 constraints: 8532f166)

org.revapi:revapi-basic-features:0.8.1 (1 constraints: 0b050436)

org.revapi:revapi-java:0.19.1 (1 constraints: 3d053f3b)

org.revapi:revapi-java-spi:0.18.1 (1 constraints: 5f0a1ac2)

org.revapi:revapi-reporter-text:0.10.1 (1 constraints: 3405243b)

org.slf4j:slf4j-api:2.0.17 (11 constraints: e0a24be9)

org.yaml:snakeyaml:2.5 (1 constraints: 3f178e10)



[Test dependencies]

aopalliance:aopalliance:1.0 (1 constraints: 170a83ac)

cglib:cglib-nodep:3.2.2 (1 constraints: 490ded24)

com.diffplug.durian:durian-collect:1.2.0 (3 constraints: 4d313bd2)

com.diffplug.durian:durian-core:1.2.0 (4 constraints: 2640ae56)

com.diffplug.durian:durian-io:1.2.0 (1 constraints: 1313c62d)

com.diffplug.durian:durian-swt.os:4.3.0 (1 constraints: c60948a9)

com.diffplug.spotless:spotless-lib:3.3.1 (2 constraints: 8a2441a5)

com.diffplug.spotless:spotless-lib-extra:3.3.1 (1 constraints: 1713d42d)

com.diffplug.spotless:spotless-plugin-gradle:7.2.1 (1 constraints: c3111af5)

com.fasterxml.jackson.dataformat:jackson-dataformat-cbor:2.21.4 (1 constraints: 7c1c98a4)

com.fasterxml.jackson.dataformat:jackson-dataformat-smile:2.21.4 (1 constraints: 7c1c98a4)

com.fasterxml.jackson.dataformat:jackson-dataformat-xml:2.21.4 (2 constraints: d7358945)

com.fasterxml.jackson.datatype:jackson-datatype-guava:2.21.4 (3 constraints: a94b2e10)

com.fasterxml.jackson.datatype:jackson-datatype-joda:2.21.4 (1 constraints: 7c1c98a4)

com.fasterxml.jackson.datatype:jackson-datatype-jsr310:2.21.4 (1 constraints: 7c1c98a4)

com.fasterxml.woodstox:woodstox-core:7.1.1 (1 constraints: 3d174926)

com.google.code.findbugs:jsr305:3.0.2 (2 constraints: e22b9bbf)

com.google.inject:guice:5.1.0 (1 constraints: e20b61f3)

com.googlecode.concurrent-trees:concurrent-trees:2.6.1 (1 constraints: 761166da)

com.googlecode.java-diff-utils:diffutils:1.3.0 (1 constraints: bd11fef4)

com.googlecode.javaewah:JavaEWAH:1.2.3 (1 constraints: 460e7e50)

com.netflix.nebula:nebula-test:10.6.2 (1 constraints: 9c18268f)

com.palantir.baseline:gradle-baseline-java:7.5.0 (1 constraints: 0e051d36)

com.palantir.baseline-error-prone:gradle-baseline-error-prone:0.7.0 (1 constraints: c01105f5)

com.palantir.conjure.java:conjure-lib:8.78.0 (1 constraints: 8d1ce4a4)

com.palantir.conjure.java.api:errors:2.72.0 (1 constraints: 2310a8a9)

com.palantir.conjure.java.runtime:conjure-java-jackson-optimizations:8.36.0 (1 constraints: 871ccea4)

com.palantir.conjure.java.runtime:conjure-java-jackson-serialization:8.36.0 (1 constraints: 2e12f909)

com.palantir.gradle.better-exec:better-exec:3.7.0 (1 constraints: f711a1f7)

com.palantir.gradle.conjure:gradle-conjure:6.1.0 (1 constraints: 09050c36)

com.palantir.gradle.conjure:gradle-conjure-api:6.1.0 (1 constraints: f4119ef7)

com.palantir.gradle.failure-reports:gradle-failure-reports-common:1.18.0 (1 constraints: f21c3bc2)

com.palantir.gradle.failure-reports:gradle-failure-reports-exceptions:1.18.0 (2 constraints: 3c24ecd7)

com.palantir.gradle.idea-configuration:gradle-idea-configuration:0.8.0 (2 constraints: 3227b4dc)

com.palantir.gradle.plugintesting:configuration-cache-spec:0.74.0 (1 constraints: 3d05473b)

com.palantir.gradle.plugintesting:discover-tests-cli:0.74.0 (1 constraints: 3d05473b)

com.palantir.gradle.plugintesting:gradle-plugin-testing-junit:0.74.0 (1 constraints: 3d05473b)

com.palantir.gradle.plugintesting:plugin-testing-core:0.74.0 (2 constraints: 161f128e)

com.palantir.gradle.utils:circleci-artifacts:0.23.0 (1 constraints: 4a129719)

com.palantir.gradle.utils:lazily-configured-mapping:0.24.0 (1 constraints: ef11fe06)

com.palantir.gradle.utils:platform:0.23.0 (2 constraints: eb274a49)

com.palantir.javaformat:gradle-palantir-java-format:2.73.0 (1 constraints: f5111b07)

com.palantir.javaformat:palantir-java-format-jdk-bootstrap:2.73.0 (1 constraints: ab152ad4)

com.palantir.javaformat:palantir-java-format-spi:2.73.0 (3 constraints: 1e406830)

com.palantir.ri:resource-identifier:2.17.0 (1 constraints: 22109fa9)

com.palantir.safe-logging:logger:3.15.0 (4 constraints: fe498368)

com.palantir.safe-logging:logger-slf4j:3.15.0 (1 constraints: 340e9650)

com.palantir.safe-logging:logger-spi:3.15.0 (2 constraints: 771ee2b0)

com.palantir.safe-logging:preconditions:3.15.0 (9 constraints: c0a56bd6)

com.palantir.safe-logging:safe-logging:3.15.0 (9 constraints: c19c9795)

com.palantir.sls-packaging:gradle-recommended-product-dependencies:7.89.0 (1 constraints: 3512100a)

com.palantir.sls.versions:sls-versions:1.14.0 (2 constraints: a32d70cd)

com.palantir.suppressible-error-prone:gradle-suppressible-error-prone:2.26.0 (1 constraints: 7419b3d0)

com.palantir.tokens:auth-tokens:4.4.0 (1 constraints: f00f8099)

com.palantir.tritium:tritium-ids:0.127.0 (1 constraints: fd0f97a6)

com.palantir.tritium:tritium-registry:0.131.0 (1 constraints: ab1c3cc1)

com.squareup.okhttp3:okhttp:4.12.0 (1 constraints: f6093eb3)

com.squareup.okio:okio:3.6.0 (1 constraints: 530c38fd)

com.squareup.okio:okio-jvm:3.6.0 (1 constraints: 500ad3b9)

commons-codec:commons-codec:1.17.0 (1 constraints: 790e015f)

commons-io:commons-io:2.22.0 (3 constraints: e53d5e95)

dev.equo.ide:solstice:1.8.1 (1 constraints: 771167da)

info.picocli:picocli:4.7.7 (1 constraints: 2816dcdd)

io.dropwizard.metrics:metrics-core:4.2.39 (2 constraints: 532d2998)

javax.annotation:javax.annotation-api:1.2 (1 constraints: e01020af)

javax.inject:javax.inject:1 (7 constraints: e66230f0)

joda-time:joda-time:2.12.7 (1 constraints: 2f16b1f1)

junit:junit:4.13.2 (2 constraints: ca1e3ab9)

net.bytebuddy:byte-buddy:1.18.10 (3 constraints: f328413a)

net.bytebuddy:byte-buddy-agent:1.17.7 (1 constraints: 4a0b4ede)

net.ltgt.gradle:gradle-errorprone-plugin:4.3.0 (2 constraints: 3d366a24)

one.util:streamex:0.8.4 (1 constraints: 021d24bb)

org.apache.commons:commons-lang3:3.20.0 (5 constraints: db5053f4)

org.apache.maven:maven-artifact:3.9.1 (3 constraints: 82293854)

org.apache.maven:maven-builder-support:3.9.1 (3 constraints: 112c6464)

org.apache.maven:maven-core:3.9.1 (1 constraints: c6111bf5)

org.apache.maven:maven-model:3.9.1 (4 constraints: cb3ac915)

org.apache.maven:maven-model-builder:3.9.1 (2 constraints: 321d6d0a)

org.apache.maven:maven-plugin-api:3.9.1 (1 constraints: e90b70f3)

org.apache.maven:maven-repository-metadata:3.9.1 (2 constraints: 321d6d0a)

org.apache.maven:maven-resolver-provider:3.9.1 (1 constraints: e90b70f3)

org.apache.maven:maven-settings:3.9.1 (2 constraints: ad1c8de9)

org.apache.maven:maven-settings-builder:3.9.1 (1 constraints: e90b70f3)

org.apache.maven.resolver:maven-resolver-api:1.9.7 (5 constraints: 7c5643f6)

org.apache.maven.resolver:maven-resolver-impl:1.9.7 (2 constraints: 3a1d290b)

org.apache.maven.resolver:maven-resolver-named-locks:1.9.7 (1 constraints: 3513e634)

org.apache.maven.resolver:maven-resolver-spi:1.9.7 (3 constraints: 6e306f6a)

org.apache.maven.resolver:maven-resolver-util:1.9.7 (3 constraints: 6e306f6a)

org.apache.maven.shared:maven-dependency-analyzer:1.17.0 (1 constraints: f2110907)

org.apache.maven.shared:maven-shared-utils:3.3.4 (1 constraints: e60b61f3)

org.apiguardian:apiguardian-api:1.1.2 (7 constraints: cc761de9)

org.assertj:assertj-core:3.27.7 (2 constraints: 221f6290)

org.codehaus.groovy:groovy:3.0.24 (3 constraints: 133429dd)

org.codehaus.plexus:plexus-cipher:2.0 (1 constraints: 641174c7)

org.codehaus.plexus:plexus-classworlds:2.6.0 (3 constraints: 572b5104)

org.codehaus.plexus:plexus-component-annotations:2.1.0 (2 constraints: 241d860a)

org.codehaus.plexus:plexus-interpolation:1.26 (3 constraints: 7b2bf0f5)

org.codehaus.plexus:plexus-sec-dispatcher:2.0 (1 constraints: 5c100b99)

org.codehaus.plexus:plexus-utils:3.5.1 (11 constraints: 3fa89966)

org.codehaus.woodstox:stax2-api:4.2.2 (2 constraints: 6a278bd2)

org.eclipse.collections:eclipse-collections:13.0.0 (1 constraints: 1c1091a9)

org.eclipse.collections:eclipse-collections-api:13.0.0 (2 constraints: fa22df26)

org.eclipse.jgit:org.eclipse.jgit:6.10.1.202505221210-r (2 constraints: 322b1420)

org.eclipse.platform:org.eclipse.osgi:3.23.100 (2 constraints: 631ca22a)

org.eclipse.sisu:org.eclipse.sisu.inject:0.3.5 (3 constraints: 852caa93)

org.eclipse.sisu:org.eclipse.sisu.plexus:0.3.5 (2 constraints: 141abc34)

org.hamcrest:hamcrest:2.2 (1 constraints: d20cdc04)

org.hamcrest:hamcrest-core:1.3 (1 constraints: cc05fe3f)

org.jetbrains:annotations:26.1.0 (4 constraints: b5497ba5)

org.jetbrains.kotlin:kotlin-stdlib:1.9.10 (2 constraints: c2210fe1)

org.jetbrains.kotlin:kotlin-stdlib-common:1.9.10 (2 constraints: 3f1b4b83)

org.jetbrains.kotlin:kotlin-stdlib-jdk7:1.9.10 (1 constraints: e210ffd2)

org.jetbrains.kotlin:kotlin-stdlib-jdk8:1.9.10 (2 constraints: 8118c1c5)

org.junit:junit-bom:6.1.0 (1 constraints: 09050c36)

org.junit.jupiter:junit-jupiter:6.1.0 (2 constraints: 80100bdd)

org.junit.jupiter:junit-jupiter-api:6.1.0 (6 constraints: 0469fb37)

org.junit.jupiter:junit-jupiter-engine:6.1.0 (2 constraints: 11176e3b)

org.junit.jupiter:junit-jupiter-params:6.1.0 (3 constraints: cf2dbe53)

org.junit.platform:junit-platform-commons:6.1.0 (3 constraints: e229bb29)

org.junit.platform:junit-platform-engine:6.1.0 (5 constraints: ab49fcf0)

org.junit.platform:junit-platform-launcher:6.1.0 (3 constraints: 642435f5)

org.junit.vintage:junit-vintage-engine:6.1.0 (1 constraints: 0e097b95)

org.mockito:mockito-core:5.23.0 (1 constraints: 3c054e3b)

org.objenesis:objenesis:3.3 (2 constraints: 9b17f557)

org.opentest4j:opentest4j:1.3.0 (2 constraints: cf209249)

org.ow2.asm:asm:9.9.1 (3 constraints: 11439bca)

org.spockframework:spock-core:2.3-groovy-3.0 (3 constraints: 2c3deb38)

org.spockframework:spock-junit4:2.3-groovy-3.0 (1 constraints: 7a1000b0)

org.tukaani:xz:1.9 (1 constraints: 6b09e995)
