# Run ./gradlew writeVersionsLocks to regenerate this file. Blank lines are to minimize merge conflicts.

com.fasterxml.jackson.core:jackson-annotations:2.21 (2 constraints: ff166824)

com.fasterxml.jackson.core:jackson-core:2.21.1 (3 constraints: 4c40db6e)

com.fasterxml.jackson.core:jackson-databind:2.21.1 (3 constraints: fe3275e1)

com.fasterxml.jackson.dataformat:jackson-dataformat-yaml:2.21.1 (1 constraints: 3805373b)

com.fasterxml.jackson.datatype:jackson-datatype-jdk8:2.21.1 (1 constraints: 3805373b)

com.google.errorprone:error_prone_annotations:2.47.0 (1 constraints: 4f0a50bf)

com.google.guava:failureaccess:1.0.3 (1 constraints: 160ae3b4)

com.google.guava:guava:33.6.0-jre (3 constraints: 1d3a10e0)

com.google.guava:listenablefuture:9999.0-empty-to-avoid-conflict-with-guava (1 constraints: bd17c918)

com.google.j2objc:j2objc-annotations:3.1 (1 constraints: b809f1a0)

org.freemarker:freemarker:2.3.34 (2 constraints: 5f130f5a)

org.immutables:serial:2.12.1 (1 constraints: 3805363b)

org.immutables:value:2.12.1 (1 constraints: 3805363b)

org.jboss:jboss-dmr:1.2.0.Final (1 constraints: 710a5ab9)

org.jspecify:jspecify:1.0.0 (8 constraints: c9803ac0)

org.revapi:revapi:0.11.1 (4 constraints: 8532f166)

org.revapi:revapi-basic-features:0.8.1 (1 constraints: 0b050436)

org.revapi:revapi-java:0.19.1 (1 constraints: 3d053f3b)

org.revapi:revapi-java-spi:0.18.1 (1 constraints: 5f0a1ac2)

org.revapi:revapi-reporter-text:0.10.1 (1 constraints: 3405243b)

org.slf4j:slf4j-api:1.7.5 (2 constraints: 8016611d)

org.yaml:snakeyaml:2.5 (1 constraints: 3f178e10)



[Test dependencies]

cglib:cglib-nodep:3.2.2 (1 constraints: 490ded24)

com.netflix.nebula:nebula-test:10.6.2 (2 constraints: d51da22d)

com.palantir.gradle.plugintesting:configuration-cache-spec:0.71.0 (1 constraints: 3a053e3b)

com.palantir.gradle.plugintesting:discover-tests-cli:0.71.0 (1 constraints: 3a053e3b)

com.palantir.gradle.plugintesting:gradle-plugin-testing-junit:0.71.0 (1 constraints: 3a053e3b)

com.palantir.gradle.plugintesting:plugin-testing-core:0.71.0 (2 constraints: 101f2b8d)

commons-io:commons-io:2.22.0 (1 constraints: d519fbde)

info.picocli:picocli:4.7.7 (1 constraints: 2816dcdd)

junit:junit:4.13.2 (2 constraints: ca1e3ab9)

net.bytebuddy:byte-buddy:1.18.3 (2 constraints: 9c16b43e)

net.bytebuddy:byte-buddy-agent:1.17.7 (1 constraints: 4a0b4ede)

org.apiguardian:apiguardian-api:1.1.2 (7 constraints: cc761de9)

org.assertj:assertj-core:3.27.7 (2 constraints: 221f6290)

org.codehaus.groovy:groovy:3.0.24 (3 constraints: 133429dd)

org.hamcrest:hamcrest:2.2 (1 constraints: d20cdc04)

org.hamcrest:hamcrest-core:1.3 (1 constraints: cc05fe3f)

org.jetbrains:annotations:26.1.0 (1 constraints: d81910df)

org.junit:junit-bom:6.0.3 (1 constraints: 0b050c36)

org.junit.jupiter:junit-jupiter:6.0.3 (2 constraints: 200e6859)

org.junit.jupiter:junit-jupiter-api:6.0.3 (6 constraints: 0c69213a)

org.junit.jupiter:junit-jupiter-engine:6.0.3 (2 constraints: 1517be3b)

org.junit.jupiter:junit-jupiter-params:6.0.3 (3 constraints: d32d0e54)

org.junit.platform:junit-platform-commons:6.0.3 (3 constraints: e829d72a)

org.junit.platform:junit-platform-engine:6.0.3 (5 constraints: b34970f4)

org.junit.platform:junit-platform-launcher:6.0.3 (3 constraints: 6824e9f5)

org.junit.vintage:junit-vintage-engine:6.0.3 (1 constraints: 10097b95)

org.mockito:mockito-core:5.23.0 (1 constraints: 3c054e3b)

org.objenesis:objenesis:3.3 (2 constraints: 9b17f557)

org.opentest4j:opentest4j:1.3.0 (2 constraints: cf209249)

org.spockframework:spock-core:2.3-groovy-3.0 (3 constraints: 2c3deb38)

org.spockframework:spock-junit4:2.3-groovy-3.0 (1 constraints: 7a1000b0)
