# Run ./gradlew --write-locks to regenerate this file
com.fasterxml.jackson.core:jackson-annotations:2.11.2 (1 constraints: 86123121)
com.fasterxml.jackson.core:jackson-core:2.11.2 (3 constraints: 4c40d26e)
com.fasterxml.jackson.core:jackson-databind:2.11.2 (3 constraints: fe326ce1)
com.fasterxml.jackson.dataformat:jackson-dataformat-yaml:2.11.2 (1 constraints: 3805343b)
com.fasterxml.jackson.datatype:jackson-datatype-jdk8:2.11.2 (1 constraints: 3805343b)
com.google.code.findbugs:jsr305:3.0.2 (1 constraints: 170aecb4)
com.google.errorprone:error_prone_annotations:2.7.1 (1 constraints: 1c0afbb4)
com.google.guava:failureaccess:1.0.1 (1 constraints: 140ae1b4)
com.google.guava:guava:31.0.1-jre (1 constraints: a5065053)
com.google.guava:listenablefuture:9999.0-empty-to-avoid-conflict-with-guava (1 constraints: bd17c918)
com.google.j2objc:j2objc-annotations:1.3 (1 constraints: b809eda0)
org.checkerframework:checker-qual:3.12.0 (1 constraints: 480a3bbf)
org.freemarker:freemarker:2.3.31 (2 constraints: 5c139159)
org.immutables:serial:2.8.8 (1 constraints: 14051536)
org.immutables:value:2.8.8 (1 constraints: 14051536)
org.jboss:jboss-dmr:1.2.0.Final (1 constraints: 710a5ab9)
org.revapi:revapi:0.11.1 (4 constraints: 8532f166)
org.revapi:revapi-basic-features:0.8.1 (1 constraints: 0b050436)
org.revapi:revapi-java:0.19.1 (1 constraints: 3d053f3b)
org.revapi:revapi-java-spi:0.18.1 (1 constraints: 5f0a1ac2)
org.revapi:revapi-reporter-text:0.10.1 (1 constraints: 3405243b)
org.slf4j:slf4j-api:1.7.5 (2 constraints: 8016611d)
org.yaml:snakeyaml:1.26 (1 constraints: 7117f927)

[Test dependencies]
cglib:cglib-nodep:3.3.0 (2 constraints: 7a1acf3c)
com.netflix.nebula:nebula-test:10.0.0 (1 constraints: 3305273b)
junit:junit:4.13.2 (2 constraints: 6a1ed87b)
net.bytebuddy:byte-buddy:1.12.1 (2 constraints: d31801da)
net.bytebuddy:byte-buddy-agent:1.12.1 (1 constraints: 3f0b39de)
org.assertj:assertj-core:3.21.0 (2 constraints: 64171047)
org.codehaus.groovy:groovy:3.0.6 (2 constraints: 1e1b476d)
org.hamcrest:hamcrest:2.2 (1 constraints: d20cdc04)
org.hamcrest:hamcrest-core:1.3 (1 constraints: cc05fe3f)
org.jetbrains:annotations:19.0.0 (1 constraints: 660d8f2c)
org.junit:junit-bom:5.8.2 (12 constraints: 5bb76462)
org.junit.jupiter:junit-jupiter:5.8.2 (1 constraints: 16098d95)
org.junit.jupiter:junit-jupiter-api:5.8.2 (4 constraints: 8b385c34)
org.junit.jupiter:junit-jupiter-engine:5.8.2 (2 constraints: 2117d23c)
org.junit.jupiter:junit-jupiter-params:5.8.2 (2 constraints: 2117d23c)
org.junit.platform:junit-platform-commons:1.8.2 (3 constraints: ee29ed2b)
org.junit.platform:junit-platform-engine:1.8.2 (4 constraints: 863c7bdc)
org.junit.platform:junit-platform-launcher:1.8.2 (2 constraints: 121b944a)
org.junit.platform:junit-platform-testkit:1.8.2 (1 constraints: 12097995)
org.junit.vintage:junit-vintage-engine:5.8.2 (1 constraints: 16098d95)
org.mockito:mockito-core:4.1.0 (1 constraints: 07050236)
org.objenesis:objenesis:3.2 (3 constraints: 6b2483ae)
org.opentest4j:opentest4j:1.2.0 (3 constraints: c53224a1)
org.ow2.asm:asm:9.0 (1 constraints: d70cef04)
org.spockframework:spock-core:2.0-M4-groovy-3.0 (2 constraints: e822d65a)
org.spockframework:spock-junit4:2.0-M4-groovy-3.0 (1 constraints: 25115ddf)
